
Microsoft Visual Studio Solution File, Format Version 12.00
# Visual Studio Version 16
VisualStudioVersion = 16.0.31624.102
MinimumVisualStudioVersion = 10.0.40219.1
Project("{FAE04EC0-301F-11D3-BF4B-00C04F79EFBC}") = "ucak-bilet-rezervasyonu", "ucak-bilet-rezervasyonu\ucak-bilet-rezervasyonu.csproj", "{0817AE27-14B9-4B20-81CD-8AF608E4BA2C}"
EndProject
Global
	GlobalSection(SolutionConfigurationPlatforms) = preSolution
		Debug|Any CPU = Debug|Any CPU
		Release|Any CPU = Release|Any CPU
	EndGlobalSection
	GlobalSection(ProjectConfigurationPlatforms) = postSolution
		{0817AE27-14B9-4B20-81CD-8AF608E4BA2C}.Debug|Any CPU.ActiveCfg = Debug|Any CPU
		{0817AE27-14B9-4B20-81CD-8AF608E4BA2C}.Debug|Any CPU.Build.0 = Debug|Any CPU
		{0817AE27-14B9-4B20-81CD-8AF608E4BA2C}.Release|Any CPU.ActiveCfg = Release|Any CPU
		{0817AE27-14B9-4B20-81CD-8AF608E4BA2C}.Release|Any CPU.Build.0 = Release|Any CPU
	EndGlobalSection
	GlobalSection(SolutionProperties) = preSolution
		HideSolutionNode = FALSE
	EndGlobalSection
	GlobalSection(ExtensibilityGlobals) = postSolution
		SolutionGuid = {5544D6EC-157C-41B6-B3AF-000540AD79A1}
	EndGlobalSection
EndGlobal
